
Microsoft Visual Studio Solution File, Format Version 12.00
# Visual Studio Version 16
VisualStudioVersion = 16.0.30128.74
MinimumVisualStudioVersion = 10.0.40219.1
Project("{9A19103F-16F7-4668-BE54-9A1E7A4F7556}") = "Web6", "Web6\Web6.csproj", "{E785471C-DE4D-4024-9537-50C1F7BDE426}"
EndProject
Global
	GlobalSection(SolutionConfigurationPlatforms) = preSolution
		Debug|Any CPU = Debug|Any CPU
		Release|Any CPU = Release|Any CPU
	EndGlobalSection
	GlobalSection(ProjectConfigurationPlatforms) = postSolution
		{E785471C-DE4D-4024-9537-50C1F7BDE426}.Debug|Any CPU.ActiveCfg = Debug|Any CPU
		{E785471C-DE4D-4024-9537-50C1F7BDE426}.Debug|Any CPU.Build.0 = Debug|Any CPU
		{E785471C-DE4D-4024-9537-50C1F7BDE426}.Release|Any CPU.ActiveCfg = Release|Any CPU
		{E785471C-DE4D-4024-9537-50C1F7BDE426}.Release|Any CPU.Build.0 = Release|Any CPU
	EndGlobalSection
	GlobalSection(SolutionProperties) = preSolution
		HideSolutionNode = FALSE
	EndGlobalSection
	GlobalSection(ExtensibilityGlobals) = postSolution
		SolutionGuid = {DC1DE834-CBAE-4F96-9089-97E8D61FEB90}
	EndGlobalSection
EndGlobal
